// !$*UTF8*$!
{
	archiveVersion = 1;
	classes = {
	};
	objectVersion = 56;
	objects = {

/* Begin PBXBuildFile section */
		D3BEECBC29E90605002BC18A /* HabitTrackerV3App.swift in Sources */ = {isa = PBXBuildFile; fileRef = D3BEECBB29E90605002BC18A /* HabitTrackerV3App.swift */; };
		D3BEECC029E90606002BC18A /* Assets.xcassets in Resources */ = {isa = PBXBuildFile; fileRef = D3BEECBF29E90606002BC18A /* Assets.xcassets */; };
		D3BEECC329E90606002BC18A /* Preview Assets.xcassets in Resources */ = {isa = PBXBuildFile; fileRef = D3BEECC229E90606002BC18A /* Preview Assets.xcassets */; };
		D3BEECC829E90606002BC18A /* HabitTrackerV3.xcdatamodeld in Sources */ = {isa = PBXBuildFile; fileRef = D3BEECC629E90606002BC18A /* HabitTrackerV3.xcdatamodeld */; };
		D3BEECD129E90630002BC18A /* ContentView.swift in Sources */ = {isa = PBXBuildFile; fileRef = D3BEECD029E90630002BC18A /* ContentView.swift */; };
		D3BEECD529E90696002BC18A /* habit.xcdatamodeld in Sources */ = {isa = PBXBuildFile; fileRef = D3BEECD329E90696002BC18A /* habit.xcdatamodeld */; };
		D3BEECDD29E908FA002BC18A /* DataController.swift in Sources */ = {isa = PBXBuildFile; fileRef = D3BEECDC29E908FA002BC18A /* DataController.swift */; };
		D3BEECDF29E90F5E002BC18A /* AddHabitView.swift in Sources */ = {isa = PBXBuildFile; fileRef = D3BEECDE29E90F5E002BC18A /* AddHabitView.swift */; };
		D3BEECE429E94035002BC18A /* TimeFormatter.swift in Sources */ = {isa = PBXBuildFile; fileRef = D3BEECE329E94035002BC18A /* TimeFormatter.swift */; };
		D3BEECE629E94972002BC18A /* IncrementHabitView.swift in Sources */ = {isa = PBXBuildFile; fileRef = D3BEECE529E94972002BC18A /* IncrementHabitView.swift */; };
		D3BEECE829E94AA0002BC18A /* habit_type.swift in Sources */ = {isa = PBXBuildFile; fileRef = D3BEECE729E94AA0002BC18A /* habit_type.swift */; };
/* End PBXBuildFile section */

/* Begin PBXFileReference section */
		D3BEECB829E90605002BC18A /* HabitTrackerV3.app */ = {isa = PBXFileReference; explicitFileType = wrapper.application; includeInIndex = 0; path = HabitTrackerV3.app; sourceTree = BUILT_PRODUCTS_DIR; };
		D3BEECBB29E90605002BC18A /* HabitTrackerV3App.swift */ = {isa = PBXFileReference; lastKnownFileType = sourcecode.swift; path = HabitTrackerV3App.swift; sourceTree = "<group>"; };
		D3BEECBF29E90606002BC18A /* Assets.xcassets */ = {isa = PBXFileReference; lastKnownFileType = folder.assetcatalog; path = Assets.xcassets; sourceTree = "<group>"; };
		D3BEECC229E90606002BC18A /* Preview Assets.xcassets */ = {isa = PBXFileReference; lastKnownFileType = folder.assetcatalog; path = "Preview Assets.xcassets"; sourceTree = "<group>"; };
		D3BEECC729E90606002BC18A /* HabitTrackerV3.xcdatamodel */ = {isa = PBXFileReference; lastKnownFileType = wrapper.xcdatamodel; path = HabitTrackerV3.xcdatamodel; sourceTree = "<group>"; };
		D3BEECC929E90606002BC18A /* HabitTrackerV3.entitlements */ = {isa = PBXFileReference; lastKnownFileType = text.plist.entitlements; path = HabitTrackerV3.entitlements; sourceTree = "<group>"; };
		D3BEECD029E90630002BC18A /* ContentView.swift */ = {isa = PBXFileReference; lastKnownFileType = sourcecode.swift; path = ContentView.swift; sourceTree = "<group>"; };
		D3BEECD429E90696002BC18A /* habit.xcdatamodel */ = {isa = PBXFileReference; lastKnownFileType = wrapper.xcdatamodel; path = habit.xcdatamodel; sourceTree = "<group>"; };
		D3BEECDC29E908FA002BC18A /* DataController.swift */ = {isa = PBXFileReference; lastKnownFileType = sourcecode.swift; path = DataController.swift; sourceTree = "<group>"; };
		D3BEECDE29E90F5E002BC18A /* AddHabitView.swift */ = {isa = PBXFileReference; lastKnownFileType = sourcecode.swift; path = AddHabitView.swift; sourceTree = "<group>"; };
		D3BEECE329E94035002BC18A /* TimeFormatter.swift */ = {isa = PBXFileReference; lastKnownFileType = sourcecode.swift; path = TimeFormatter.swift; sourceTree = "<group>"; };
		D3BEECE529E94972002BC18A /* IncrementHabitView.swift */ = {isa = PBXFileReference; lastKnownFileType = sourcecode.swift; path = IncrementHabitView.swift; sourceTree = "<group>"; };
		D3BEECE729E94AA0002BC18A /* habit_type.swift */ = {isa = PBXFileReference; lastKnownFileType = sourcecode.swift; path = habit_type.swift; sourceTree = "<group>"; };
/* End PBXFileReference section */

/* Begin PBXFrameworksBuildPhase section */
		D3BEECB529E90605002BC18A /* Frameworks */ = {
			isa = PBXFrameworksBuildPhase;
			buildActionMask = 2147483647;
			files = (
			);
			runOnlyForDeploymentPostprocessing = 0;
		};
/* End PBXFrameworksBuildPhase section */

/* Begin PBXGroup section */
		D3BEECAF29E90605002BC18A = {
			isa = PBXGroup;
			children = (
				D3BEECBA29E90605002BC18A /* HabitTrackerV3 */,
				D3BEECB929E90605002BC18A /* Products */,
			);
			sourceTree = "<group>";
		};
		D3BEECB929E90605002BC18A /* Products */ = {
			isa = PBXGroup;
			children = (
				D3BEECB829E90605002BC18A /* HabitTrackerV3.app */,
			);
			name = Products;
			sourceTree = "<group>";
		};
		D3BEECBA29E90605002BC18A /* HabitTrackerV3 */ = {
			isa = PBXGroup;
			children = (
				D3BEECBB29E90605002BC18A /* HabitTrackerV3App.swift */,
				D3BEECCF29E90625002BC18A /* Views */,
				D3BEECDB29E908DF002BC18A /* View Models */,
				D3BEECD229E9063D002BC18A /* Data Models */,
				D3BEECE229E9401E002BC18A /* Misc. */,
				D3BEECBF29E90606002BC18A /* Assets.xcassets */,
				D3BEECC929E90606002BC18A /* HabitTrackerV3.entitlements */,
				D3BEECC629E90606002BC18A /* HabitTrackerV3.xcdatamodeld */,
				D3BEECC129E90606002BC18A /* Preview Content */,
			);
			path = HabitTrackerV3;
			sourceTree = "<group>";
		};
		D3BEECC129E90606002BC18A /* Preview Content */ = {
			isa = PBXGroup;
			children = (
				D3BEECC229E90606002BC18A /* Preview Assets.xcassets */,
			);
			path = "Preview Content";
			sourceTree = "<group>";
		};
		D3BEECCF29E90625002BC18A /* Views */ = {
			isa = PBXGroup;
			children = (
				D3BEECD029E90630002BC18A /* ContentView.swift */,
				D3BEECDE29E90F5E002BC18A /* AddHabitView.swift */,
				D3BEECE529E94972002BC18A /* IncrementHabitView.swift */,
			);
			path = Views;
			sourceTree = "<group>";
		};
		D3BEECD229E9063D002BC18A /* Data Models */ = {
			isa = PBXGroup;
			children = (
				D3BEECD329E90696002BC18A /* habit.xcdatamodeld */,
				D3BEECE729E94AA0002BC18A /* habit_type.swift */,
			);
			path = "Data Models";
			sourceTree = "<group>";
		};
		D3BEECDB29E908DF002BC18A /* View Models */ = {
			isa = PBXGroup;
			children = (
				D3BEECDC29E908FA002BC18A /* DataController.swift */,
			);
			path = "View Models";
			sourceTree = "<group>";
		};
		D3BEECE229E9401E002BC18A /* Misc. */ = {
			isa = PBXGroup;
			children = (
				D3BEECE329E94035002BC18A /* TimeFormatter.swift */,
			);
			path = Misc.;
			sourceTree = "<group>";
		};
/* End PBXGroup section */

/* Begin PBXNativeTarget section */
		D3BEECB729E90605002BC18A /* HabitTrackerV3 */ = {
			isa = PBXNativeTarget;
			buildConfigurationList = D3BEECCC29E90606002BC18A /* Build configuration list for PBXNativeTarget "HabitTrackerV3" */;
			buildPhases = (
				D3BEECB429E90605002BC18A /* Sources */,
				D3BEECB529E90605002BC18A /* Frameworks */,
				D3BEECB629E90605002BC18A /* Resources */,
			);
			buildRules = (
			);
			dependencies = (
			);
			name = HabitTrackerV3;
			productName = HabitTrackerV3;
			productReference = D3BEECB829E90605002BC18A /* HabitTrackerV3.app */;
			productType = "com.apple.product-type.application";
		};
/* End PBXNativeTarget section */

/* Begin PBXProject section */
		D3BEECB029E90605002BC18A /* Project object */ = {
			isa = PBXProject;
			attributes = {
				BuildIndependentTargetsInParallel = 1;
				LastSwiftUpdateCheck = 1420;
				LastUpgradeCheck = 1420;
				TargetAttributes = {
					D3BEECB729E90605002BC18A = {
						CreatedOnToolsVersion = 14.2;
					};
				};
			};
			buildConfigurationList = D3BEECB329E90605002BC18A /* Build configuration list for PBXProject "HabitTrackerV3" */;
			compatibilityVersion = "Xcode 14.0";
			developmentRegion = en;
			hasScannedForEncodings = 0;
			knownRegions = (
				en,
				Base,
			);
			mainGroup = D3BEECAF29E90605002BC18A;
			productRefGroup = D3BEECB929E90605002BC18A /* Products */;
			projectDirPath = "";
			projectRoot = "";
			targets = (
				D3BEECB729E90605002BC18A /* HabitTrackerV3 */,
			);
		};
/* End PBXProject section */

/* Begin PBXResourcesBuildPhase section */
		D3BEECB629E90605002BC18A /* Resources */ = {
			isa = PBXResourcesBuildPhase;
			buildActionMask = 2147483647;
			files = (
				D3BEECC329E90606002BC18A /* Preview Assets.xcassets in Resources */,
				D3BEECC029E90606002BC18A /* Assets.xcassets in Resources */,
			);
			runOnlyForDeploymentPostprocessing = 0;
		};
/* End PBXResourcesBuildPhase section */

/* Begin PBXSourcesBuildPhase section */
		D3BEECB429E90605002BC18A /* Sources */ = {
			isa = PBXSourcesBuildPhase;
			buildActionMask = 2147483647;
			files = (
				D3BEECC829E90606002BC18A /* HabitTrackerV3.xcdatamodeld in Sources */,
				D3BEECE429E94035002BC18A /* TimeFormatter.swift in Sources */,
				D3BEECDD29E908FA002BC18A /* DataController.swift in Sources */,
				D3BEECDF29E90F5E002BC18A /* AddHabitView.swift in Sources */,
				D3BEECD129E90630002BC18A /* ContentView.swift in Sources */,
				D3BEECD529E90696002BC18A /* habit.xcdatamodeld in Sources */,
				D3BEECBC29E90605002BC18A /* HabitTrackerV3App.swift in Sources */,
				D3BEECE829E94AA0002BC18A /* habit_type.swift in Sources */,
				D3BEECE629E94972002BC18A /* IncrementHabitView.swift in Sources */,
			);
			runOnlyForDeploymentPostprocessing = 0;
		};
/* End PBXSourcesBuildPhase section */

/* Begin XCBuildConfiguration section */
		D3BEECCA29E90606002BC18A /* Debug */ = {
			isa = XCBuildConfiguration;
			buildSettings = {
				ALWAYS_SEARCH_USER_PATHS = NO;
				CLANG_ANALYZER_NONNULL = YES;
				CLANG_ANALYZER_NUMBER_OBJECT_CONVERSION = YES_AGGRESSIVE;
				CLANG_CXX_LANGUAGE_STANDARD = "gnu++20";
				CLANG_ENABLE_MODULES = YES;
				CLANG_ENABLE_OBJC_ARC = YES;
				CLANG_ENABLE_OBJC_WEAK = YES;
				CLANG_WARN_BLOCK_CAPTURE_AUTORELEASING = YES;
				CLANG_WARN_BOOL_CONVERSION = YES;
				CLANG_WARN_COMMA = YES;
				CLANG_WARN_CONSTANT_CONVERSION = YES;
				CLANG_WARN_DEPRECATED_OBJC_IMPLEMENTATIONS = YES;
				CLANG_WARN_DIRECT_OBJC_ISA_USAGE = YES_ERROR;
				CLANG_WARN_DOCUMENTATION_COMMENTS = YES;
				CLANG_WARN_EMPTY_BODY = YES;
				CLANG_WARN_ENUM_CONVERSION = YES;
				CLANG_WARN_INFINITE_RECURSION = YES;
				CLANG_WARN_INT_CONVERSION = YES;
				CLANG_WARN_NON_LITERAL_NULL_CONVERSION = YES;
				CLANG_WARN_OBJC_IMPLICIT_RETAIN_SELF = YES;
				CLANG_WARN_OBJC_LITERAL_CONVERSION = YES;
				CLANG_WARN_OBJC_ROOT_CLASS = YES_ERROR;
				CLANG_WARN_QUOTED_INCLUDE_IN_FRAMEWORK_HEADER = YES;
				CLANG_WARN_RANGE_LOOP_ANALYSIS = YES;
				CLANG_WARN_STRICT_PROTOTYPES = YES;
				CLANG_WARN_SUSPICIOUS_MOVE = YES;
				CLANG_WARN_UNGUARDED_AVAILABILITY = YES_AGGRESSIVE;
				CLANG_WARN_UNREACHABLE_CODE = YES;
				CLANG_WARN__DUPLICATE_METHOD_MATCH = YES;
				COPY_PHASE_STRIP = NO;
				DEBUG_INFORMATION_FORMAT = dwarf;
				ENABLE_STRICT_OBJC_MSGSEND = YES;
				ENABLE_TESTABILITY = YES;
				GCC_C_LANGUAGE_STANDARD = gnu11;
				GCC_DYNAMIC_NO_PIC = NO;
				GCC_NO_COMMON_BLOCKS = YES;
				GCC_OPTIMIZATION_LEVEL = 0;
				GCC_PREPROCESSOR_DEFINITIONS = (
					"DEBUG=1",
					"$(inherited)",
				);
				GCC_WARN_64_TO_32_BIT_CONVERSION = YES;
				GCC_WARN_ABOUT_RETURN_TYPE = YES_ERROR;
				GCC_WARN_UNDECLARED_SELECTOR = YES;
				GCC_WARN_UNINITIALIZED_AUTOS = YES_AGGRESSIVE;
				GCC_WARN_UNUSED_FUNCTION = YES;
				GCC_WARN_UNUSED_VARIABLE = YES;
				MACOSX_DEPLOYMENT_TARGET = 13.0;
				MTL_ENABLE_DEBUG_INFO = INCLUDE_SOURCE;
				MTL_FAST_MATH = YES;
				ONLY_ACTIVE_ARCH = YES;
				SDKROOT = macosx;
				SWIFT_ACTIVE_COMPILATION_CONDITIONS = DEBUG;
				SWIFT_OPTIMIZATION_LEVEL = "-Onone";
			};
			name = Debug;
		};
		D3BEECCB29E90606002BC18A /* Release */ = {
			isa = XCBuildConfiguration;
			buildSettings = {
				ALWAYS_SEARCH_USER_PATHS = NO;
				CLANG_ANALYZER_NONNULL = YES;
				CLANG_ANALYZER_NUMBER_OBJECT_CONVERSION = YES_AGGRESSIVE;
				CLANG_CXX_LANGUAGE_STANDARD = "gnu++20";
				CLANG_ENABLE_MODULES = YES;
				CLANG_ENABLE_OBJC_ARC = YES;
				CLANG_ENABLE_OBJC_WEAK = YES;
				CLANG_WARN_BLOCK_CAPTURE_AUTORELEASING = YES;
				CLANG_WARN_BOOL_CONVERSION = YES;
				CLANG_WARN_COMMA = YES;
				CLANG_WARN_CONSTANT_CONVERSION = YES;
				CLANG_WARN_DEPRECATED_OBJC_IMPLEMENTATIONS = YES;
				CLANG_WARN_DIRECT_OBJC_ISA_USAGE = YES_ERROR;
				CLANG_WARN_DOCUMENTATION_COMMENTS = YES;
				CLANG_WARN_EMPTY_BODY = YES;
				CLANG_WARN_ENUM_CONVERSION = YES;
				CLANG_WARN_INFINITE_RECURSION = YES;
				CLANG_WARN_INT_CONVERSION = YES;
				CLANG_WARN_NON_LITERAL_NULL_CONVERSION = YES;
				CLANG_WARN_OBJC_IMPLICIT_RETAIN_SELF = YES;
				CLANG_WARN_OBJC_LITERAL_CONVERSION = YES;
				CLANG_WARN_OBJC_ROOT_CLASS = YES_ERROR;
				CLANG_WARN_QUOTED_INCLUDE_IN_FRAMEWORK_HEADER = YES;
				CLANG_WARN_RANGE_LOOP_ANALYSIS = YES;
				CLANG_WARN_STRICT_PROTOTYPES = YES;
				CLANG_WARN_SUSPICIOUS_MOVE = YES;
				CLANG_WARN_UNGUARDED_AVAILABILITY = YES_AGGRESSIVE;
				CLANG_WARN_UNREACHABLE_CODE = YES;
				CLANG_WARN__DUPLICATE_METHOD_MATCH = YES;
				COPY_PHASE_STRIP = NO;
				DEBUG_INFORMATION_FORMAT = "dwarf-with-dsym";
				ENABLE_NS_ASSERTIONS = NO;
				ENABLE_STRICT_OBJC_MSGSEND = YES;
				GCC_C_LANGUAGE_STANDARD = gnu11;
				GCC_NO_COMMON_BLOCKS = YES;
				GCC_WARN_64_TO_32_BIT_CONVERSION = YES;
				GCC_WARN_ABOUT_RETURN_TYPE = YES_ERROR;
				GCC_WARN_UNDECLARED_SELECTOR = YES;
				GCC_WARN_UNINITIALIZED_AUTOS = YES_AGGRESSIVE;
				GCC_WARN_UNUSED_FUNCTION = YES;
				GCC_WARN_UNUSED_VARIABLE = YES;
				MACOSX_DEPLOYMENT_TARGET = 13.0;
				MTL_ENABLE_DEBUG_INFO = NO;
				MTL_FAST_MATH = YES;
				SDKROOT = macosx;
				SWIFT_COMPILATION_MODE = wholemodule;
				SWIFT_OPTIMIZATION_LEVEL = "-O";
			};
			name = Release;
		};
		D3BEECCD29E90606002BC18A /* Debug */ = {
			isa = XCBuildConfiguration;
			buildSettings = {
				ASSETCATALOG_COMPILER_APPICON_NAME = AppIcon;
				ASSETCATALOG_COMPILER_GLOBAL_ACCENT_COLOR_NAME = AccentColor;
				CODE_SIGN_ENTITLEMENTS = HabitTrackerV3/HabitTrackerV3.entitlements;
				CODE_SIGN_STYLE = Automatic;
				COMBINE_HIDPI_IMAGES = YES;
				CURRENT_PROJECT_VERSION = 1;
				DEVELOPMENT_ASSET_PATHS = "\"HabitTrackerV3/Preview Content\"";
				ENABLE_PREVIEWS = YES;
				GENERATE_INFOPLIST_FILE = YES;
				INFOPLIST_KEY_NSHumanReadableCopyright = "";
				LD_RUNPATH_SEARCH_PATHS = (
					"$(inherited)",
					"@executable_path/../Frameworks",
				);
				MARKETING_VERSION = 1.0;
				PRODUCT_BUNDLE_IDENTIFIER = CSM.HabitTrackerV3;
				PRODUCT_NAME = "$(TARGET_NAME)";
				SWIFT_EMIT_LOC_STRINGS = YES;
				SWIFT_VERSION = 5.0;
			};
			name = Debug;
		};
		D3BEECCE29E90606002BC18A /* Release */ = {
			isa = XCBuildConfiguration;
			buildSettings = {
				ASSETCATALOG_COMPILER_APPICON_NAME = AppIcon;
				ASSETCATALOG_COMPILER_GLOBAL_ACCENT_COLOR_NAME = AccentColor;
				CODE_SIGN_ENTITLEMENTS = HabitTrackerV3/HabitTrackerV3.entitlements;
				CODE_SIGN_STYLE = Automatic;
				COMBINE_HIDPI_IMAGES = YES;
				CURRENT_PROJECT_VERSION = 1;
				DEVELOPMENT_ASSET_PATHS = "\"HabitTrackerV3/Preview Content\"";
				ENABLE_PREVIEWS = YES;
				GENERATE_INFOPLIST_FILE = YES;
				INFOPLIST_KEY_NSHumanReadableCopyright = "";
				LD_RUNPATH_SEARCH_PATHS = (
					"$(inherited)",
					"@executable_path/../Frameworks",
				);
				MARKETING_VERSION = 1.0;
				PRODUCT_BUNDLE_IDENTIFIER = CSM.HabitTrackerV3;
				PRODUCT_NAME = "$(TARGET_NAME)";
				SWIFT_EMIT_LOC_STRINGS = YES;
				SWIFT_VERSION = 5.0;
			};
			name = Release;
		};
/* End XCBuildConfiguration section */

/* Begin XCConfigurationList section */
		D3BEECB329E90605002BC18A /* Build configuration list for PBXProject "HabitTrackerV3" */ = {
			isa = XCConfigurationList;
			buildConfigurations = (
				D3BEECCA29E90606002BC18A /* Debug */,
				D3BEECCB29E90606002BC18A /* Release */,
			);
			defaultConfigurationIsVisible = 0;
			defaultConfigurationName = Release;
		};
		D3BEECCC29E90606002BC18A /* Build configuration list for PBXNativeTarget "HabitTrackerV3" */ = {
			isa = XCConfigurationList;
			buildConfigurations = (
				D3BEECCD29E90606002BC18A /* Debug */,
				D3BEECCE29E90606002BC18A /* Release */,
			);
			defaultConfigurationIsVisible = 0;
			defaultConfigurationName = Release;
		};
/* End XCConfigurationList section */

/* Begin XCVersionGroup section */
		D3BEECC629E90606002BC18A /* HabitTrackerV3.xcdatamodeld */ = {
			isa = XCVersionGroup;
			children = (
				D3BEECC729E90606002BC18A /* HabitTrackerV3.xcdatamodel */,
			);
			currentVersion = D3BEECC729E90606002BC18A /* HabitTrackerV3.xcdatamodel */;
			path = HabitTrackerV3.xcdatamodeld;
			sourceTree = "<group>";
			versionGroupType = wrapper.xcdatamodel;
		};
		D3BEECD329E90696002BC18A /* habit.xcdatamodeld */ = {
			isa = XCVersionGroup;
			children = (
				D3BEECD429E90696002BC18A /* habit.xcdatamodel */,
			);
			currentVersion = D3BEECD429E90696002BC18A /* habit.xcdatamodel */;
			path = habit.xcdatamodeld;
			sourceTree = "<group>";
			versionGroupType = wrapper.xcdatamodel;
		};
/* End XCVersionGroup section */
	};
	rootObject = D3BEECB029E90605002BC18A /* Project object */;
}
